// !$*UTF8*$!
{
	archiveVersion = 1;
	classes = {
	};
	objectVersion = 46;
	objects = {

/* Begin PBXBuildFile section */
		60FAB8B4193E62BE00D8C43D /* Foundation.framework in Frameworks */ = {isa = PBXBuildFile; fileRef = 60FAB8B3193E62BE00D8C43D /* Foundation.framework */; };
		60FAB8B6193E62BE00D8C43D /* CoreGraphics.framework in Frameworks */ = {isa = PBXBuildFile; fileRef = 60FAB8B5193E62BE00D8C43D /* CoreGraphics.framework */; };
		60FAB8B8193E62BE00D8C43D /* UIKit.framework in Frameworks */ = {isa = PBXBuildFile; fileRef = 60FAB8B7193E62BE00D8C43D /* UIKit.framework */; };
		60FAB8BE193E62BE00D8C43D /* InfoPlist.strings in Resources */ = {isa = PBXBuildFile; fileRef = 60FAB8BC193E62BE00D8C43D /* InfoPlist.strings */; };
		60FAB8C0193E62BE00D8C43D /* main.m in Sources */ = {isa = PBXBuildFile; fileRef = 60FAB8BF193E62BE00D8C43D /* main.m */; };
		60FAB8C4193E62BE00D8C43D /* AppDelegate.m in Sources */ = {isa = PBXBuildFile; fileRef = 60FAB8C3193E62BE00D8C43D /* AppDelegate.m */; };
		60FAB8C7193E62BE00D8C43D /* Main.storyboard in Resources */ = {isa = PBXBuildFile; fileRef = 60FAB8C5193E62BE00D8C43D /* Main.storyboard */; };
		60FAB8CA193E62BE00D8C43D /* ViewController.m in Sources */ = {isa = PBXBuildFile; fileRef = 60FAB8C9193E62BE00D8C43D /* ViewController.m */; };
		60FAB8CC193E62BE00D8C43D /* Images.xcassets in Resources */ = {isa = PBXBuildFile; fileRef = 60FAB8CB193E62BE00D8C43D /* Images.xcassets */; };
		60FAB8D3193E62BF00D8C43D /* XCTest.framework in Frameworks */ = {isa = PBXBuildFile; fileRef = 60FAB8D2193E62BF00D8C43D /* XCTest.framework */; };
		60FAB8D4193E62BF00D8C43D /* Foundation.framework in Frameworks */ = {isa = PBXBuildFile; fileRef = 60FAB8B3193E62BE00D8C43D /* Foundation.framework */; };
		60FAB8D5193E62BF00D8C43D /* UIKit.framework in Frameworks */ = {isa = PBXBuildFile; fileRef = 60FAB8B7193E62BE00D8C43D /* UIKit.framework */; };
		60FAB8DD193E62BF00D8C43D /* InfoPlist.strings in Resources */ = {isa = PBXBuildFile; fileRef = 60FAB8DB193E62BF00D8C43D /* InfoPlist.strings */; };
		60FAB8DF193E62BF00D8C43D /* teswithxcTests.m in Sources */ = {isa = PBXBuildFile; fileRef = 60FAB8DE193E62BF00D8C43D /* teswithxcTests.m */; };
		60FAB8E9193E638400D8C43D /* MapKit.framework in Frameworks */ = {isa = PBXBuildFile; fileRef = 60FAB8E8193E638400D8C43D /* MapKit.framework */; };
/* End PBXBuildFile section */

/* Begin PBXContainerItemProxy section */
		60FAB8D6193E62BF00D8C43D /* PBXContainerItemProxy */ = {
			isa = PBXContainerItemProxy;
			containerPortal = 60FAB8A8193E62BE00D8C43D /* Project object */;
			proxyType = 1;
			remoteGlobalIDString = 60FAB8AF193E62BE00D8C43D;
			remoteInfo = teswithxc;
		};
/* End PBXContainerItemProxy section */

/* Begin PBXFileReference section */
		60FAB8B0193E62BE00D8C43D /* teswithxc.app */ = {isa = PBXFileReference; explicitFileType = wrapper.application; includeInIndex = 0; path = teswithxc.app; sourceTree = BUILT_PRODUCTS_DIR; };
		60FAB8B3193E62BE00D8C43D /* Foundation.framework */ = {isa = PBXFileReference; lastKnownFileType = wrapper.framework; name = Foundation.framework; path = System/Library/Frameworks/Foundation.framework; sourceTree = SDKROOT; };
		60FAB8B5193E62BE00D8C43D /* CoreGraphics.framework */ = {isa = PBXFileReference; lastKnownFileType = wrapper.framework; name = CoreGraphics.framework; path = System/Library/Frameworks/CoreGraphics.framework; sourceTree = SDKROOT; };
		60FAB8B7193E62BE00D8C43D /* UIKit.framework */ = {isa = PBXFileReference; lastKnownFileType = wrapper.framework; name = UIKit.framework; path = System/Library/Frameworks/UIKit.framework; sourceTree = SDKROOT; };
		60FAB8BB193E62BE00D8C43D /* teswithxc-Info.plist */ = {isa = PBXFileReference; lastKnownFileType = text.plist.xml; path = "teswithxc-Info.plist"; sourceTree = "<group>"; };
		60FAB8BD193E62BE00D8C43D /* en */ = {isa = PBXFileReference; lastKnownFileType = text.plist.strings; name = en; path = en.lproj/InfoPlist.strings; sourceTree = "<group>"; };
		60FAB8BF193E62BE00D8C43D /* main.m */ = {isa = PBXFileReference; lastKnownFileType = sourcecode.c.objc; path = main.m; sourceTree = "<group>"; };
		60FAB8C1193E62BE00D8C43D /* teswithxc-Prefix.pch */ = {isa = PBXFileReference; lastKnownFileType = sourcecode.c.h; path = "teswithxc-Prefix.pch"; sourceTree = "<group>"; };
		60FAB8C2193E62BE00D8C43D /* AppDelegate.h */ = {isa = PBXFileReference; lastKnownFileType = sourcecode.c.h; path = AppDelegate.h; sourceTree = "<group>"; };
		60FAB8C3193E62BE00D8C43D /* AppDelegate.m */ = {isa = PBXFileReference; lastKnownFileType = sourcecode.c.objc; path = AppDelegate.m; sourceTree = "<group>"; };
		60FAB8C6193E62BE00D8C43D /* Base */ = {isa = PBXFileReference; lastKnownFileType = file.storyboard; name = Base; path = Base.lproj/Main.storyboard; sourceTree = "<group>"; };
		60FAB8C8193E62BE00D8C43D /* ViewController.h */ = {isa = PBXFileReference; lastKnownFileType = sourcecode.c.h; path = ViewController.h; sourceTree = "<group>"; };
		60FAB8C9193E62BE00D8C43D /* ViewController.m */ = {isa = PBXFileReference; lastKnownFileType = sourcecode.c.objc; path = ViewController.m; sourceTree = "<group>"; };
		60FAB8CB193E62BE00D8C43D /* Images.xcassets */ = {isa = PBXFileReference; lastKnownFileType = folder.assetcatalog; path = Images.xcassets; sourceTree = "<group>"; };
		60FAB8D1193E62BF00D8C43D /* teswithxcTests.xctest */ = {isa = PBXFileReference; explicitFileType = wrapper.cfbundle; includeInIndex = 0; path = teswithxcTests.xctest; sourceTree = BUILT_PRODUCTS_DIR; };
		60FAB8D2193E62BF00D8C43D /* XCTest.framework */ = {isa = PBXFileReference; lastKnownFileType = wrapper.framework; name = XCTest.framework; path = Library/Frameworks/XCTest.framework; sourceTree = DEVELOPER_DIR; };
		60FAB8DA193E62BF00D8C43D /* teswithxcTests-Info.plist */ = {isa = PBXFileReference; lastKnownFileType = text.plist.xml; path = "teswithxcTests-Info.plist"; sourceTree = "<group>"; };
		60FAB8DC193E62BF00D8C43D /* en */ = {isa = PBXFileReference; lastKnownFileType = text.plist.strings; name = en; path = en.lproj/InfoPlist.strings; sourceTree = "<group>"; };
		60FAB8DE193E62BF00D8C43D /* teswithxcTests.m */ = {isa = PBXFileReference; lastKnownFileType = sourcecode.c.objc; path = teswithxcTests.m; sourceTree = "<group>"; };
		60FAB8E8193E638400D8C43D /* MapKit.framework */ = {isa = PBXFileReference; lastKnownFileType = wrapper.framework; name = MapKit.framework; path = System/Library/Frameworks/MapKit.framework; sourceTree = SDKROOT; };
/* End PBXFileReference section */

/* Begin PBXFrameworksBuildPhase section */
		60FAB8AD193E62BE00D8C43D /* Frameworks */ = {
			isa = PBXFrameworksBuildPhase;
			buildActionMask = 2147483647;
			files = (
				60FAB8B6193E62BE00D8C43D /* CoreGraphics.framework in Frameworks */,
				60FAB8B8193E62BE00D8C43D /* UIKit.framework in Frameworks */,
				60FAB8E9193E638400D8C43D /* MapKit.framework in Frameworks */,
				60FAB8B4193E62BE00D8C43D /* Foundation.framework in Frameworks */,
			);
			runOnlyForDeploymentPostprocessing = 0;
		};
		60FAB8CE193E62BF00D8C43D /* Frameworks */ = {
			isa = PBXFrameworksBuildPhase;
			buildActionMask = 2147483647;
			files = (
				60FAB8D3193E62BF00D8C43D /* XCTest.framework in Frameworks */,
				60FAB8D5193E62BF00D8C43D /* UIKit.framework in Frameworks */,
				60FAB8D4193E62BF00D8C43D /* Foundation.framework in Frameworks */,
			);
			runOnlyForDeploymentPostprocessing = 0;
		};
/* End PBXFrameworksBuildPhase section */

/* Begin PBXGroup section */
		60FAB8A7193E62BE00D8C43D = {
			isa = PBXGroup;
			children = (
				60FAB8B9193E62BE00D8C43D /* teswithxc */,
				60FAB8D8193E62BF00D8C43D /* teswithxcTests */,
				60FAB8B2193E62BE00D8C43D /* Frameworks */,
				60FAB8B1193E62BE00D8C43D /* Products */,
			);
			sourceTree = "<group>";
		};
		60FAB8B1193E62BE00D8C43D /* Products */ = {
			isa = PBXGroup;
			children = (
				60FAB8B0193E62BE00D8C43D /* teswithxc.app */,
				60FAB8D1193E62BF00D8C43D /* teswithxcTests.xctest */,
			);
			name = Products;
			sourceTree = "<group>";
		};
		60FAB8B2193E62BE00D8C43D /* Frameworks */ = {
			isa = PBXGroup;
			children = (
				60FAB8E8193E638400D8C43D /* MapKit.framework */,
				60FAB8B3193E62BE00D8C43D /* Foundation.framework */,
				60FAB8B5193E62BE00D8C43D /* CoreGraphics.framework */,
				60FAB8B7193E62BE00D8C43D /* UIKit.framework */,
				60FAB8D2193E62BF00D8C43D /* XCTest.framework */,
			);
			name = Frameworks;
			sourceTree = "<group>";
		};
		60FAB8B9193E62BE00D8C43D /* teswithxc */ = {
			isa = PBXGroup;
			children = (
				60FAB8C2193E62BE00D8C43D /* AppDelegate.h */,
				60FAB8C3193E62BE00D8C43D /* AppDelegate.m */,
				60FAB8C5193E62BE00D8C43D /* Main.storyboard */,
				60FAB8C8193E62BE00D8C43D /* ViewController.h */,
				60FAB8C9193E62BE00D8C43D /* ViewController.m */,
				60FAB8CB193E62BE00D8C43D /* Images.xcassets */,
				60FAB8BA193E62BE00D8C43D /* Supporting Files */,
			);
			path = teswithxc;
			sourceTree = "<group>";
		};
		60FAB8BA193E62BE00D8C43D /* Supporting Files */ = {
			isa = PBXGroup;
			children = (
				60FAB8BB193E62BE00D8C43D /* teswithxc-Info.plist */,
				60FAB8BC193E62BE00D8C43D /* InfoPlist.strings */,
				60FAB8BF193E62BE00D8C43D /* main.m */,
				60FAB8C1193E62BE00D8C43D /* teswithxc-Prefix.pch */,
			);
			name = "Supporting Files";
			sourceTree = "<group>";
		};
		60FAB8D8193E62BF00D8C43D /* teswithxcTests */ = {
			isa = PBXGroup;
			children = (
				60FAB8DE193E62BF00D8C43D /* teswithxcTests.m */,
				60FAB8D9193E62BF00D8C43D /* Supporting Files */,
			);
			path = teswithxcTests;
			sourceTree = "<group>";
		};
		60FAB8D9193E62BF00D8C43D /* Supporting Files */ = {
			isa = PBXGroup;
			children = (
				60FAB8DA193E62BF00D8C43D /* teswithxcTests-Info.plist */,
				60FAB8DB193E62BF00D8C43D /* InfoPlist.strings */,
			);
			name = "Supporting Files";
			sourceTree = "<group>";
		};
/* End PBXGroup section */

/* Begin PBXNativeTarget section */
		60FAB8AF193E62BE00D8C43D /* teswithxc */ = {
			isa = PBXNativeTarget;
			buildConfigurationList = 60FAB8E2193E62BF00D8C43D /* Build configuration list for PBXNativeTarget "teswithxc" */;
			buildPhases = (
				60FAB8AC193E62BE00D8C43D /* Sources */,
				60FAB8AD193E62BE00D8C43D /* Frameworks */,
				60FAB8AE193E62BE00D8C43D /* Resources */,
			);
			buildRules = (
			);
			dependencies = (
			);
			name = teswithxc;
			productName = teswithxc;
			productReference = 60FAB8B0193E62BE00D8C43D /* teswithxc.app */;
			productType = "com.apple.product-type.application";
		};
		60FAB8D0193E62BF00D8C43D /* teswithxcTests */ = {
			isa = PBXNativeTarget;
			buildConfigurationList = 60FAB8E5193E62BF00D8C43D /* Build configuration list for PBXNativeTarget "teswithxcTests" */;
			buildPhases = (
				60FAB8CD193E62BF00D8C43D /* Sources */,
				60FAB8CE193E62BF00D8C43D /* Frameworks */,
				60FAB8CF193E62BF00D8C43D /* Resources */,
			);
			buildRules = (
			);
			dependencies = (
				60FAB8D7193E62BF00D8C43D /* PBXTargetDependency */,
			);
			name = teswithxcTests;
			productName = teswithxcTests;
			productReference = 60FAB8D1193E62BF00D8C43D /* teswithxcTests.xctest */;
			productType = "com.apple.product-type.bundle.unit-test";
		};
/* End PBXNativeTarget section */

/* Begin PBXProject section */
		60FAB8A8193E62BE00D8C43D /* Project object */ = {
			isa = PBXProject;
			attributes = {
				LastUpgradeCheck = 0510;
				ORGANIZATIONNAME = "Roberto Casu";
				TargetAttributes = {
					60FAB8AF193E62BE00D8C43D = {
						SystemCapabilities = {
							com.apple.iOS = {
								enabled = 1;
							};
						};
					};
					60FAB8D0193E62BF00D8C43D = {
						TestTargetID = 60FAB8AF193E62BE00D8C43D;
					};
				};
			};
			buildConfigurationList = 60FAB8AB193E62BE00D8C43D /* Build configuration list for PBXProject "teswithxc" */;
			compatibilityVersion = "Xcode 3.2";
			developmentRegion = English;
			hasScannedForEncodings = 0;
			knownRegions = (
				en,
				Base,
			);
			mainGroup = 60FAB8A7193E62BE00D8C43D;
			productRefGroup = 60FAB8B1193E62BE00D8C43D /* Products */;
			projectDirPath = "";
			projectRoot = "";
			targets = (
				60FAB8AF193E62BE00D8C43D /* teswithxc */,
				60FAB8D0193E62BF00D8C43D /* teswithxcTests */,
			);
		};
/* End PBXProject section */

/* Begin PBXResourcesBuildPhase section */
		60FAB8AE193E62BE00D8C43D /* Resources */ = {
			isa = PBXResourcesBuildPhase;
			buildActionMask = 2147483647;
			files = (
				60FAB8CC193E62BE00D8C43D /* Images.xcassets in Resources */,
				60FAB8BE193E62BE00D8C43D /* InfoPlist.strings in Resources */,
				60FAB8C7193E62BE00D8C43D /* Main.storyboard in Resources */,
			);
			runOnlyForDeploymentPostprocessing = 0;
		};
		60FAB8CF193E62BF00D8C43D /* Resources */ = {
			isa = PBXResourcesBuildPhase;
			buildActionMask = 2147483647;
			files = (
				60FAB8DD193E62BF00D8C43D /* InfoPlist.strings in Resources */,
			);
			runOnlyForDeploymentPostprocessing = 0;
		};
/* End PBXResourcesBuildPhase section */

/* Begin PBXSourcesBuildPhase section */
		60FAB8AC193E62BE00D8C43D /* Sources */ = {
			isa = PBXSourcesBuildPhase;
			buildActionMask = 2147483647;
			files = (
				60FAB8CA193E62BE00D8C43D /* ViewController.m in Sources */,
				60FAB8C4193E62BE00D8C43D /* AppDelegate.m in Sources */,
				60FAB8C0193E62BE00D8C43D /* main.m in Sources */,
			);
			runOnlyForDeploymentPostprocessing = 0;
		};
		60FAB8CD193E62BF00D8C43D /* Sources */ = {
			isa = PBXSourcesBuildPhase;
			buildActionMask = 2147483647;
			files = (
				60FAB8DF193E62BF00D8C43D /* teswithxcTests.m in Sources */,
			);
			runOnlyForDeploymentPostprocessing = 0;
		};
/* End PBXSourcesBuildPhase section */

/* Begin PBXTargetDependency section */
		60FAB8D7193E62BF00D8C43D /* PBXTargetDependency */ = {
			isa = PBXTargetDependency;
			target = 60FAB8AF193E62BE00D8C43D /* teswithxc */;
			targetProxy = 60FAB8D6193E62BF00D8C43D /* PBXContainerItemProxy */;
		};
/* End PBXTargetDependency section */

/* Begin PBXVariantGroup section */
		60FAB8BC193E62BE00D8C43D /* InfoPlist.strings */ = {
			isa = PBXVariantGroup;
			children = (
				60FAB8BD193E62BE00D8C43D /* en */,
			);
			name = InfoPlist.strings;
			sourceTree = "<group>";
		};
		60FAB8C5193E62BE00D8C43D /* Main.storyboard */ = {
			isa = PBXVariantGroup;
			children = (
				60FAB8C6193E62BE00D8C43D /* Base */,
			);
			name = Main.storyboard;
			sourceTree = "<group>";
		};
		60FAB8DB193E62BF00D8C43D /* InfoPlist.strings */ = {
			isa = PBXVariantGroup;
			children = (
				60FAB8DC193E62BF00D8C43D /* en */,
			);
			name = InfoPlist.strings;
			sourceTree = "<group>";
		};
/* End PBXVariantGroup section */

/* Begin XCBuildConfiguration section */
		60FAB8E0193E62BF00D8C43D /* Debug */ = {
			isa = XCBuildConfiguration;
			buildSettings = {
				ALWAYS_SEARCH_USER_PATHS = NO;
				CLANG_CXX_LANGUAGE_STANDARD = "gnu++0x";
				CLANG_CXX_LIBRARY = "libc++";
				CLANG_ENABLE_MODULES = YES;
				CLANG_ENABLE_OBJC_ARC = YES;
				CLANG_WARN_BOOL_CONVERSION = YES;
				CLANG_WARN_CONSTANT_CONVERSION = YES;
				CLANG_WARN_DIRECT_OBJC_ISA_USAGE = YES_ERROR;
				CLANG_WARN_EMPTY_BODY = YES;
				CLANG_WARN_ENUM_CONVERSION = YES;
				CLANG_WARN_INT_CONVERSION = YES;
				CLANG_WARN_OBJC_ROOT_CLASS = YES_ERROR;
				CLANG_WARN__DUPLICATE_METHOD_MATCH = YES;
				"CODE_SIGN_IDENTITY[sdk=iphoneos*]" = "iPhone Developer";
				COPY_PHASE_STRIP = NO;
				GCC_C_LANGUAGE_STANDARD = gnu99;
				GCC_DYNAMIC_NO_PIC = NO;
				GCC_OPTIMIZATION_LEVEL = 0;
				GCC_PREPROCESSOR_DEFINITIONS = (
					"DEBUG=1",
					"$(inherited)",
				);
				GCC_SYMBOLS_PRIVATE_EXTERN = NO;
				GCC_WARN_64_TO_32_BIT_CONVERSION = YES;
				GCC_WARN_ABOUT_RETURN_TYPE = YES_ERROR;
				GCC_WARN_UNDECLARED_SELECTOR = YES;
				GCC_WARN_UNINITIALIZED_AUTOS = YES_AGGRESSIVE;
				GCC_WARN_UNUSED_FUNCTION = YES;
				GCC_WARN_UNUSED_VARIABLE = YES;
				IPHONEOS_DEPLOYMENT_TARGET = 7.1;
				ONLY_ACTIVE_ARCH = YES;
				SDKROOT = iphoneos;
				TARGETED_DEVICE_FAMILY = 2;
			};
			name = Debug;
		};
		60FAB8E1193E62BF00D8C43D /* Release */ = {
			isa = XCBuildConfiguration;
			buildSettings = {
				ALWAYS_SEARCH_USER_PATHS = NO;
				CLANG_CXX_LANGUAGE_STANDARD = "gnu++0x";
				CLANG_CXX_LIBRARY = "libc++";
				CLANG_ENABLE_MODULES = YES;
				CLANG_ENABLE_OBJC_ARC = YES;
				CLANG_WARN_BOOL_CONVERSION = YES;
				CLANG_WARN_CONSTANT_CONVERSION = YES;
				CLANG_WARN_DIRECT_OBJC_ISA_USAGE = YES_ERROR;
				CLANG_WARN_EMPTY_BODY = YES;
				CLANG_WARN_ENUM_CONVERSION = YES;
				CLANG_WARN_INT_CONVERSION = YES;
				CLANG_WARN_OBJC_ROOT_CLASS = YES_ERROR;
				CLANG_WARN__DUPLICATE_METHOD_MATCH = YES;
				"CODE_SIGN_IDENTITY[sdk=iphoneos*]" = "iPhone Developer";
				COPY_PHASE_STRIP = YES;
				ENABLE_NS_ASSERTIONS = NO;
				GCC_C_LANGUAGE_STANDARD = gnu99;
				GCC_WARN_64_TO_32_BIT_CONVERSION = YES;
				GCC_WARN_ABOUT_RETURN_TYPE = YES_ERROR;
				GCC_WARN_UNDECLARED_SELECTOR = YES;
				GCC_WARN_UNINITIALIZED_AUTOS = YES_AGGRESSIVE;
				GCC_WARN_UNUSED_FUNCTION = YES;
				GCC_WARN_UNUSED_VARIABLE = YES;
				IPHONEOS_DEPLOYMENT_TARGET = 7.1;
				SDKROOT = iphoneos;
				TARGETED_DEVICE_FAMILY = 2;
				VALIDATE_PRODUCT = YES;
			};
			name = Release;
		};
		60FAB8E3193E62BF00D8C43D /* Debug */ = {
			isa = XCBuildConfiguration;
			buildSettings = {
				ASSETCATALOG_COMPILER_APPICON_NAME = AppIcon;
				ASSETCATALOG_COMPILER_LAUNCHIMAGE_NAME = LaunchImage;
				GCC_PRECOMPILE_PREFIX_HEADER = YES;
				GCC_PREFIX_HEADER = "teswithxc/teswithxc-Prefix.pch";
				INFOPLIST_FILE = "teswithxc/teswithxc-Info.plist";
				PRODUCT_NAME = "$(TARGET_NAME)";
				WRAPPER_EXTENSION = app;
			};
			name = Debug;
		};
		60FAB8E4193E62BF00D8C43D /* Release */ = {
			isa = XCBuildConfiguration;
			buildSettings = {
				ASSETCATALOG_COMPILER_APPICON_NAME = AppIcon;
				ASSETCATALOG_COMPILER_LAUNCHIMAGE_NAME = LaunchImage;
				GCC_PRECOMPILE_PREFIX_HEADER = YES;
				GCC_PREFIX_HEADER = "teswithxc/teswithxc-Prefix.pch";
				INFOPLIST_FILE = "teswithxc/teswithxc-Info.plist";
				PRODUCT_NAME = "$(TARGET_NAME)";
				WRAPPER_EXTENSION = app;
			};
			name = Release;
		};
		60FAB8E6193E62BF00D8C43D /* Debug */ = {
			isa = XCBuildConfiguration;
			buildSettings = {
				BUNDLE_LOADER = "$(BUILT_PRODUCTS_DIR)/teswithxc.app/teswithxc";
				FRAMEWORK_SEARCH_PATHS = (
					"$(SDKROOT)/Developer/Library/Frameworks",
					"$(inherited)",
					"$(DEVELOPER_FRAMEWORKS_DIR)",
				);
				GCC_PRECOMPILE_PREFIX_HEADER = YES;
				GCC_PREFIX_HEADER = "teswithxc/teswithxc-Prefix.pch";
				GCC_PREPROCESSOR_DEFINITIONS = (
					"DEBUG=1",
					"$(inherited)",
				);
				INFOPLIST_FILE = "teswithxcTests/teswithxcTests-Info.plist";
				PRODUCT_NAME = "$(TARGET_NAME)";
				TEST_HOST = "$(BUNDLE_LOADER)";
				WRAPPER_EXTENSION = xctest;
			};
			name = Debug;
		};
		60FAB8E7193E62BF00D8C43D /* Release */ = {
			isa = XCBuildConfiguration;
			buildSettings = {
				BUNDLE_LOADER = "$(BUILT_PRODUCTS_DIR)/teswithxc.app/teswithxc";
				FRAMEWORK_SEARCH_PATHS = (
					"$(SDKROOT)/Developer/Library/Frameworks",
					"$(inherited)",
					"$(DEVELOPER_FRAMEWORKS_DIR)",
				);
				GCC_PRECOMPILE_PREFIX_HEADER = YES;
				GCC_PREFIX_HEADER = "teswithxc/teswithxc-Prefix.pch";
				INFOPLIST_FILE = "teswithxcTests/teswithxcTests-Info.plist";
				PRODUCT_NAME = "$(TARGET_NAME)";
				TEST_HOST = "$(BUNDLE_LOADER)";
				WRAPPER_EXTENSION = xctest;
			};
			name = Release;
		};
/* End XCBuildConfiguration section */

/* Begin XCConfigurationList section */
		60FAB8AB193E62BE00D8C43D /* Build configuration list for PBXProject "teswithxc" */ = {
			isa = XCConfigurationList;
			buildConfigurations = (
				60FAB8E0193E62BF00D8C43D /* Debug */,
				60FAB8E1193E62BF00D8C43D /* Release */,
			);
			defaultConfigurationIsVisible = 0;
			defaultConfigurationName = Release;
		};
		60FAB8E2193E62BF00D8C43D /* Build configuration list for PBXNativeTarget "teswithxc" */ = {
			isa = XCConfigurationList;
			buildConfigurations = (
				60FAB8E3193E62BF00D8C43D /* Debug */,
				60FAB8E4193E62BF00D8C43D /* Release */,
			);
			defaultConfigurationIsVisible = 0;
		};
		60FAB8E5193E62BF00D8C43D /* Build configuration list for PBXNativeTarget "teswithxcTests" */ = {
			isa = XCConfigurationList;
			buildConfigurations = (
				60FAB8E6193E62BF00D8C43D /* Debug */,
				60FAB8E7193E62BF00D8C43D /* Release */,
			);
			defaultConfigurationIsVisible = 0;
		};
/* End XCConfigurationList section */
	};
	rootObject = 60FAB8A8193E62BE00D8C43D /* Project object */;
}
